
Microsoft Visual Studio Solution File, Format Version 12.00
Project("{FAE04EC0-301F-11D3-BF4B-00C04F79EFBC}") = "Portfolio", "Portfolio\Portfolio.csproj", "{90C18939-7744-47BD-8960-2EF4B2EB845C}"
EndProject
Global
	GlobalSection(SolutionConfigurationPlatforms) = preSolution
		Debug|Any CPU = Debug|Any CPU
		Release|Any CPU = Release|Any CPU
	EndGlobalSection
	GlobalSection(ProjectConfigurationPlatforms) = postSolution
		{90C18939-7744-47BD-8960-2EF4B2EB845C}.Debug|Any CPU.ActiveCfg = Debug|Any CPU
		{90C18939-7744-47BD-8960-2EF4B2EB845C}.Debug|Any CPU.Build.0 = Debug|Any CPU
		{90C18939-7744-47BD-8960-2EF4B2EB845C}.Release|Any CPU.ActiveCfg = Release|Any CPU
		{90C18939-7744-47BD-8960-2EF4B2EB845C}.Release|Any CPU.Build.0 = Release|Any CPU
	EndGlobalSection
EndGlobal
